// !$*UTF8*$!
{
	archiveVersion = 1;
	classes = {
	};
	objectVersion = 50;
	objects = {

/* Begin PBXBuildFile section */
		93457626F71588550CD0EE6F /* libPods-WanAndroid.a in Frameworks */ = {isa = PBXBuildFile; fileRef = F013150C5016E38CF54369D7 /* libPods-WanAndroid.a */; };
		DB03518827B2575700E0D731 /* AppDelegate.m in Sources */ = {isa = PBXBuildFile; fileRef = DB03518727B2575700E0D731 /* AppDelegate.m */; };
		DB03519327B2575800E0D731 /* Assets.xcassets in Resources */ = {isa = PBXBuildFile; fileRef = DB03519227B2575800E0D731 /* Assets.xcassets */; };
		DB03519627B2575800E0D731 /* LaunchScreen.storyboard in Resources */ = {isa = PBXBuildFile; fileRef = DB03519427B2575800E0D731 /* LaunchScreen.storyboard */; };
		DB03519927B2575800E0D731 /* main.m in Sources */ = {isa = PBXBuildFile; fileRef = DB03519827B2575800E0D731 /* main.m */; };
		DB0351A327B2575800E0D731 /* WanAndroidTests.m in Sources */ = {isa = PBXBuildFile; fileRef = DB0351A227B2575800E0D731 /* WanAndroidTests.m */; };
		DB0351AE27B2575800E0D731 /* WanAndroidUITests.m in Sources */ = {isa = PBXBuildFile; fileRef = DB0351AD27B2575800E0D731 /* WanAndroidUITests.m */; };
		DB1E216E27B3925200D733BA /* Main.storyboard in Resources */ = {isa = PBXBuildFile; fileRef = DB1E216D27B3925200D733BA /* Main.storyboard */; };
		DB1E217127B3A73000D733BA /* HomeTableViewController.m in Sources */ = {isa = PBXBuildFile; fileRef = DB1E217027B3A73000D733BA /* HomeTableViewController.m */; };
/* End PBXBuildFile section */

/* Begin PBXContainerItemProxy section */
		DB03519F27B2575800E0D731 /* PBXContainerItemProxy */ = {
			isa = PBXContainerItemProxy;
			containerPortal = DB03517B27B2575700E0D731 /* Project object */;
			proxyType = 1;
			remoteGlobalIDString = DB03518227B2575700E0D731;
			remoteInfo = WanAndroid;
		};
		DB0351AA27B2575800E0D731 /* PBXContainerItemProxy */ = {
			isa = PBXContainerItemProxy;
			containerPortal = DB03517B27B2575700E0D731 /* Project object */;
			proxyType = 1;
			remoteGlobalIDString = DB03518227B2575700E0D731;
			remoteInfo = WanAndroid;
		};
/* End PBXContainerItemProxy section */

/* Begin PBXFileReference section */
		3E2E98D8C58F242A7727DEF7 /* Pods-WanAndroid.debug.xcconfig */ = {isa = PBXFileReference; includeInIndex = 1; lastKnownFileType = text.xcconfig; name = "Pods-WanAndroid.debug.xcconfig"; path = "Target Support Files/Pods-WanAndroid/Pods-WanAndroid.debug.xcconfig"; sourceTree = "<group>"; };
		B3A01BAD035F5FE2ECC7D9AE /* Pods-WanAndroid.release.xcconfig */ = {isa = PBXFileReference; includeInIndex = 1; lastKnownFileType = text.xcconfig; name = "Pods-WanAndroid.release.xcconfig"; path = "Target Support Files/Pods-WanAndroid/Pods-WanAndroid.release.xcconfig"; sourceTree = "<group>"; };
		DB03518327B2575700E0D731 /* WanAndroid.app */ = {isa = PBXFileReference; explicitFileType = wrapper.application; includeInIndex = 0; path = WanAndroid.app; sourceTree = BUILT_PRODUCTS_DIR; };
		DB03518627B2575700E0D731 /* AppDelegate.h */ = {isa = PBXFileReference; lastKnownFileType = sourcecode.c.h; path = AppDelegate.h; sourceTree = "<group>"; };
		DB03518727B2575700E0D731 /* AppDelegate.m */ = {isa = PBXFileReference; lastKnownFileType = sourcecode.c.objc; path = AppDelegate.m; sourceTree = "<group>"; };
		DB03519227B2575800E0D731 /* Assets.xcassets */ = {isa = PBXFileReference; lastKnownFileType = folder.assetcatalog; path = Assets.xcassets; sourceTree = "<group>"; };
		DB03519527B2575800E0D731 /* Base */ = {isa = PBXFileReference; lastKnownFileType = file.storyboard; name = Base; path = Base.lproj/LaunchScreen.storyboard; sourceTree = "<group>"; };
		DB03519727B2575800E0D731 /* Info.plist */ = {isa = PBXFileReference; lastKnownFileType = text.plist.xml; path = Info.plist; sourceTree = "<group>"; };
		DB03519827B2575800E0D731 /* main.m */ = {isa = PBXFileReference; lastKnownFileType = sourcecode.c.objc; path = main.m; sourceTree = "<group>"; };
		DB03519E27B2575800E0D731 /* WanAndroidTests.xctest */ = {isa = PBXFileReference; explicitFileType = wrapper.cfbundle; includeInIndex = 0; path = WanAndroidTests.xctest; sourceTree = BUILT_PRODUCTS_DIR; };
		DB0351A227B2575800E0D731 /* WanAndroidTests.m */ = {isa = PBXFileReference; lastKnownFileType = sourcecode.c.objc; path = WanAndroidTests.m; sourceTree = "<group>"; };
		DB0351A427B2575800E0D731 /* Info.plist */ = {isa = PBXFileReference; lastKnownFileType = text.plist.xml; path = Info.plist; sourceTree = "<group>"; };
		DB0351A927B2575800E0D731 /* WanAndroidUITests.xctest */ = {isa = PBXFileReference; explicitFileType = wrapper.cfbundle; includeInIndex = 0; path = WanAndroidUITests.xctest; sourceTree = BUILT_PRODUCTS_DIR; };
		DB0351AD27B2575800E0D731 /* WanAndroidUITests.m */ = {isa = PBXFileReference; lastKnownFileType = sourcecode.c.objc; path = WanAndroidUITests.m; sourceTree = "<group>"; };
		DB0351AF27B2575800E0D731 /* Info.plist */ = {isa = PBXFileReference; lastKnownFileType = text.plist.xml; path = Info.plist; sourceTree = "<group>"; };
		DB1E216D27B3925200D733BA /* Main.storyboard */ = {isa = PBXFileReference; lastKnownFileType = file.storyboard; path = Main.storyboard; sourceTree = "<group>"; };
		DB1E216F27B3A73000D733BA /* HomeTableViewController.h */ = {isa = PBXFileReference; lastKnownFileType = sourcecode.c.h; path = HomeTableViewController.h; sourceTree = "<group>"; };
		DB1E217027B3A73000D733BA /* HomeTableViewController.m */ = {isa = PBXFileReference; lastKnownFileType = sourcecode.c.objc; path = HomeTableViewController.m; sourceTree = "<group>"; };
		F013150C5016E38CF54369D7 /* libPods-WanAndroid.a */ = {isa = PBXFileReference; explicitFileType = archive.ar; includeInIndex = 0; path = "libPods-WanAndroid.a"; sourceTree = BUILT_PRODUCTS_DIR; };
/* End PBXFileReference section */

/* Begin PBXFrameworksBuildPhase section */
		DB03518027B2575700E0D731 /* Frameworks */ = {
			isa = PBXFrameworksBuildPhase;
			buildActionMask = 2147483647;
			files = (
				93457626F71588550CD0EE6F /* libPods-WanAndroid.a in Frameworks */,
			);
			runOnlyForDeploymentPostprocessing = 0;
		};
		DB03519B27B2575800E0D731 /* Frameworks */ = {
			isa = PBXFrameworksBuildPhase;
			buildActionMask = 2147483647;
			files = (
			);
			runOnlyForDeploymentPostprocessing = 0;
		};
		DB0351A627B2575800E0D731 /* Frameworks */ = {
			isa = PBXFrameworksBuildPhase;
			buildActionMask = 2147483647;
			files = (
			);
			runOnlyForDeploymentPostprocessing = 0;
		};
/* End PBXFrameworksBuildPhase section */

/* Begin PBXGroup section */
		18F72A503C7352D7E23694BB /* Pods */ = {
			isa = PBXGroup;
			children = (
				3E2E98D8C58F242A7727DEF7 /* Pods-WanAndroid.debug.xcconfig */,
				B3A01BAD035F5FE2ECC7D9AE /* Pods-WanAndroid.release.xcconfig */,
			);
			name = Pods;
			path = Pods;
			sourceTree = "<group>";
		};
		DB03517A27B2575700E0D731 = {
			isa = PBXGroup;
			children = (
				DB03518527B2575700E0D731 /* WanAndroid */,
				DB0351A127B2575800E0D731 /* WanAndroidTests */,
				DB0351AC27B2575800E0D731 /* WanAndroidUITests */,
				DB03518427B2575700E0D731 /* Products */,
				18F72A503C7352D7E23694BB /* Pods */,
				FA9707E27ABC15D3AE5585B4 /* Frameworks */,
			);
			sourceTree = "<group>";
		};
		DB03518427B2575700E0D731 /* Products */ = {
			isa = PBXGroup;
			children = (
				DB03518327B2575700E0D731 /* WanAndroid.app */,
				DB03519E27B2575800E0D731 /* WanAndroidTests.xctest */,
				DB0351A927B2575800E0D731 /* WanAndroidUITests.xctest */,
			);
			name = Products;
			sourceTree = "<group>";
		};
		DB03518527B2575700E0D731 /* WanAndroid */ = {
			isa = PBXGroup;
			children = (
				DB1E216727B391ED00D733BA /* UI */,
				DB1E216627B391E600D733BA /* Model */,
				DB03518627B2575700E0D731 /* AppDelegate.h */,
				DB03518727B2575700E0D731 /* AppDelegate.m */,
				DB03519227B2575800E0D731 /* Assets.xcassets */,
				DB03519427B2575800E0D731 /* LaunchScreen.storyboard */,
				DB03519727B2575800E0D731 /* Info.plist */,
				DB03519827B2575800E0D731 /* main.m */,
			);
			path = WanAndroid;
			sourceTree = "<group>";
		};
		DB0351A127B2575800E0D731 /* WanAndroidTests */ = {
			isa = PBXGroup;
			children = (
				DB0351A227B2575800E0D731 /* WanAndroidTests.m */,
				DB0351A427B2575800E0D731 /* Info.plist */,
			);
			path = WanAndroidTests;
			sourceTree = "<group>";
		};
		DB0351AC27B2575800E0D731 /* WanAndroidUITests */ = {
			isa = PBXGroup;
			children = (
				DB0351AD27B2575800E0D731 /* WanAndroidUITests.m */,
				DB0351AF27B2575800E0D731 /* Info.plist */,
			);
			path = WanAndroidUITests;
			sourceTree = "<group>";
		};
		DB1E216627B391E600D733BA /* Model */ = {
			isa = PBXGroup;
			children = (
			);
			path = Model;
			sourceTree = "<group>";
		};
		DB1E216727B391ED00D733BA /* UI */ = {
			isa = PBXGroup;
			children = (
				DB1E216C27B3923800D733BA /* Home */,
				DB1E216B27B3922C00D733BA /* Plaza */,
				DB1E216A27B3922200D733BA /* Group */,
				DB1E216927B3921400D733BA /* Tree */,
				DB1E216827B391F300D733BA /* Project */,
				DB1E216D27B3925200D733BA /* Main.storyboard */,
			);
			path = UI;
			sourceTree = "<group>";
		};
		DB1E216827B391F300D733BA /* Project */ = {
			isa = PBXGroup;
			children = (
			);
			path = Project;
			sourceTree = "<group>";
		};
		DB1E216927B3921400D733BA /* Tree */ = {
			isa = PBXGroup;
			children = (
			);
			path = Tree;
			sourceTree = "<group>";
		};
		DB1E216A27B3922200D733BA /* Group */ = {
			isa = PBXGroup;
			children = (
			);
			path = Group;
			sourceTree = "<group>";
		};
		DB1E216B27B3922C00D733BA /* Plaza */ = {
			isa = PBXGroup;
			children = (
			);
			path = Plaza;
			sourceTree = "<group>";
		};
		DB1E216C27B3923800D733BA /* Home */ = {
			isa = PBXGroup;
			children = (
				DB1E216F27B3A73000D733BA /* HomeTableViewController.h */,
				DB1E217027B3A73000D733BA /* HomeTableViewController.m */,
			);
			path = Home;
			sourceTree = "<group>";
		};
		FA9707E27ABC15D3AE5585B4 /* Frameworks */ = {
			isa = PBXGroup;
			children = (
				F013150C5016E38CF54369D7 /* libPods-WanAndroid.a */,
			);
			name = Frameworks;
			sourceTree = "<group>";
		};
/* End PBXGroup section */

/* Begin PBXNativeTarget section */
		DB03518227B2575700E0D731 /* WanAndroid */ = {
			isa = PBXNativeTarget;
			buildConfigurationList = DB0351B227B2575800E0D731 /* Build configuration list for PBXNativeTarget "WanAndroid" */;
			buildPhases = (
				6AF398B761F2E8A00D5B43DB /* [CP] Check Pods Manifest.lock */,
				DB03517F27B2575700E0D731 /* Sources */,
				DB03518027B2575700E0D731 /* Frameworks */,
				DB03518127B2575700E0D731 /* Resources */,
			);
			buildRules = (
			);
			dependencies = (
			);
			name = WanAndroid;
			productName = WanAndroid;
			productReference = DB03518327B2575700E0D731 /* WanAndroid.app */;
			productType = "com.apple.product-type.application";
		};
		DB03519D27B2575800E0D731 /* WanAndroidTests */ = {
			isa = PBXNativeTarget;
			buildConfigurationList = DB0351B527B2575800E0D731 /* Build configuration list for PBXNativeTarget "WanAndroidTests" */;
			buildPhases = (
				DB03519A27B2575800E0D731 /* Sources */,
				DB03519B27B2575800E0D731 /* Frameworks */,
				DB03519C27B2575800E0D731 /* Resources */,
			);
			buildRules = (
			);
			dependencies = (
				DB0351A027B2575800E0D731 /* PBXTargetDependency */,
			);
			name = WanAndroidTests;
			productName = WanAndroidTests;
			productReference = DB03519E27B2575800E0D731 /* WanAndroidTests.xctest */;
			productType = "com.apple.product-type.bundle.unit-test";
		};
		DB0351A827B2575800E0D731 /* WanAndroidUITests */ = {
			isa = PBXNativeTarget;
			buildConfigurationList = DB0351B827B2575800E0D731 /* Build configuration list for PBXNativeTarget "WanAndroidUITests" */;
			buildPhases = (
				DB0351A527B2575800E0D731 /* Sources */,
				DB0351A627B2575800E0D731 /* Frameworks */,
				DB0351A727B2575800E0D731 /* Resources */,
			);
			buildRules = (
			);
			dependencies = (
				DB0351AB27B2575800E0D731 /* PBXTargetDependency */,
			);
			name = WanAndroidUITests;
			productName = WanAndroidUITests;
			productReference = DB0351A927B2575800E0D731 /* WanAndroidUITests.xctest */;
			productType = "com.apple.product-type.bundle.ui-testing";
		};
/* End PBXNativeTarget section */

/* Begin PBXProject section */
		DB03517B27B2575700E0D731 /* Project object */ = {
			isa = PBXProject;
			attributes = {
				LastUpgradeCheck = 1250;
				TargetAttributes = {
					DB03518227B2575700E0D731 = {
						CreatedOnToolsVersion = 12.5;
					};
					DB03519D27B2575800E0D731 = {
						CreatedOnToolsVersion = 12.5;
						TestTargetID = DB03518227B2575700E0D731;
					};
					DB0351A827B2575800E0D731 = {
						CreatedOnToolsVersion = 12.5;
						TestTargetID = DB03518227B2575700E0D731;
					};
				};
			};
			buildConfigurationList = DB03517E27B2575700E0D731 /* Build configuration list for PBXProject "WanAndroid" */;
			compatibilityVersion = "Xcode 9.3";
			developmentRegion = en;
			hasScannedForEncodings = 0;
			knownRegions = (
				en,
				Base,
			);
			mainGroup = DB03517A27B2575700E0D731;
			productRefGroup = DB03518427B2575700E0D731 /* Products */;
			projectDirPath = "";
			projectRoot = "";
			targets = (
				DB03518227B2575700E0D731 /* WanAndroid */,
				DB03519D27B2575800E0D731 /* WanAndroidTests */,
				DB0351A827B2575800E0D731 /* WanAndroidUITests */,
			);
		};
/* End PBXProject section */

/* Begin PBXResourcesBuildPhase section */
		DB03518127B2575700E0D731 /* Resources */ = {
			isa = PBXResourcesBuildPhase;
			buildActionMask = 2147483647;
			files = (
				DB1E216E27B3925200D733BA /* Main.storyboard in Resources */,
				DB03519627B2575800E0D731 /* LaunchScreen.storyboard in Resources */,
				DB03519327B2575800E0D731 /* Assets.xcassets in Resources */,
			);
			runOnlyForDeploymentPostprocessing = 0;
		};
		DB03519C27B2575800E0D731 /* Resources */ = {
			isa = PBXResourcesBuildPhase;
			buildActionMask = 2147483647;
			files = (
			);
			runOnlyForDeploymentPostprocessing = 0;
		};
		DB0351A727B2575800E0D731 /* Resources */ = {
			isa = PBXResourcesBuildPhase;
			buildActionMask = 2147483647;
			files = (
			);
			runOnlyForDeploymentPostprocessing = 0;
		};
/* End PBXResourcesBuildPhase section */

/* Begin PBXShellScriptBuildPhase section */
		6AF398B761F2E8A00D5B43DB /* [CP] Check Pods Manifest.lock */ = {
			isa = PBXShellScriptBuildPhase;
			buildActionMask = 2147483647;
			files = (
			);
			inputFileListPaths = (
			);
			inputPaths = (
				"${PODS_PODFILE_DIR_PATH}/Podfile.lock",
				"${PODS_ROOT}/Manifest.lock",
			);
			name = "[CP] Check Pods Manifest.lock";
			outputFileListPaths = (
			);
			outputPaths = (
				"$(DERIVED_FILE_DIR)/Pods-WanAndroid-checkManifestLockResult.txt",
			);
			runOnlyForDeploymentPostprocessing = 0;
			shellPath = /bin/sh;
			shellScript = "diff \"${PODS_PODFILE_DIR_PATH}/Podfile.lock\" \"${PODS_ROOT}/Manifest.lock\" > /dev/null\nif [ $? != 0 ] ; then\n    # print error to STDERR\n    echo \"error: The sandbox is not in sync with the Podfile.lock. Run 'pod install' or update your CocoaPods installation.\" >&2\n    exit 1\nfi\n# This output is used by Xcode 'outputs' to avoid re-running this script phase.\necho \"SUCCESS\" > \"${SCRIPT_OUTPUT_FILE_0}\"\n";
			showEnvVarsInLog = 0;
		};
/* End PBXShellScriptBuildPhase section */

/* Begin PBXSourcesBuildPhase section */
		DB03517F27B2575700E0D731 /* Sources */ = {
			isa = PBXSourcesBuildPhase;
			buildActionMask = 2147483647;
			files = (
				DB03518827B2575700E0D731 /* AppDelegate.m in Sources */,
				DB1E217127B3A73000D733BA /* HomeTableViewController.m in Sources */,
				DB03519927B2575800E0D731 /* main.m in Sources */,
			);
			runOnlyForDeploymentPostprocessing = 0;
		};
		DB03519A27B2575800E0D731 /* Sources */ = {
			isa = PBXSourcesBuildPhase;
			buildActionMask = 2147483647;
			files = (
				DB0351A327B2575800E0D731 /* WanAndroidTests.m in Sources */,
			);
			runOnlyForDeploymentPostprocessing = 0;
		};
		DB0351A527B2575800E0D731 /* Sources */ = {
			isa = PBXSourcesBuildPhase;
			buildActionMask = 2147483647;
			files = (
				DB0351AE27B2575800E0D731 /* WanAndroidUITests.m in Sources */,
			);
			runOnlyForDeploymentPostprocessing = 0;
		};
/* End PBXSourcesBuildPhase section */

/* Begin PBXTargetDependency section */
		DB0351A027B2575800E0D731 /* PBXTargetDependency */ = {
			isa = PBXTargetDependency;
			target = DB03518227B2575700E0D731 /* WanAndroid */;
			targetProxy = DB03519F27B2575800E0D731 /* PBXContainerItemProxy */;
		};
		DB0351AB27B2575800E0D731 /* PBXTargetDependency */ = {
			isa = PBXTargetDependency;
			target = DB03518227B2575700E0D731 /* WanAndroid */;
			targetProxy = DB0351AA27B2575800E0D731 /* PBXContainerItemProxy */;
		};
/* End PBXTargetDependency section */

/* Begin PBXVariantGroup section */
		DB03519427B2575800E0D731 /* LaunchScreen.storyboard */ = {
			isa = PBXVariantGroup;
			children = (
				DB03519527B2575800E0D731 /* Base */,
			);
			name = LaunchScreen.storyboard;
			sourceTree = "<group>";
		};
/* End PBXVariantGroup section */

/* Begin XCBuildConfiguration section */
		DB0351B027B2575800E0D731 /* Debug */ = {
			isa = XCBuildConfiguration;
			buildSettings = {
				ALWAYS_SEARCH_USER_PATHS = NO;
				CLANG_ANALYZER_NONNULL = YES;
				CLANG_ANALYZER_NUMBER_OBJECT_CONVERSION = YES_AGGRESSIVE;
				CLANG_CXX_LANGUAGE_STANDARD = "gnu++14";
				CLANG_CXX_LIBRARY = "libc++";
				CLANG_ENABLE_MODULES = YES;
				CLANG_ENABLE_OBJC_ARC = YES;
				CLANG_ENABLE_OBJC_WEAK = YES;
				CLANG_WARN_BLOCK_CAPTURE_AUTORELEASING = YES;
				CLANG_WARN_BOOL_CONVERSION = YES;
				CLANG_WARN_COMMA = YES;
				CLANG_WARN_CONSTANT_CONVERSION = YES;
				CLANG_WARN_DEPRECATED_OBJC_IMPLEMENTATIONS = YES;
				CLANG_WARN_DIRECT_OBJC_ISA_USAGE = YES_ERROR;
				CLANG_WARN_DOCUMENTATION_COMMENTS = YES;
				CLANG_WARN_EMPTY_BODY = YES;
				CLANG_WARN_ENUM_CONVERSION = YES;
				CLANG_WARN_INFINITE_RECURSION = YES;
				CLANG_WARN_INT_CONVERSION = YES;
				CLANG_WARN_NON_LITERAL_NULL_CONVERSION = YES;
				CLANG_WARN_OBJC_IMPLICIT_RETAIN_SELF = YES;
				CLANG_WARN_OBJC_LITERAL_CONVERSION = YES;
				CLANG_WARN_OBJC_ROOT_CLASS = YES_ERROR;
				CLANG_WARN_QUOTED_INCLUDE_IN_FRAMEWORK_HEADER = YES;
				CLANG_WARN_RANGE_LOOP_ANALYSIS = YES;
				CLANG_WARN_STRICT_PROTOTYPES = YES;
				CLANG_WARN_SUSPICIOUS_MOVE = YES;
				CLANG_WARN_UNGUARDED_AVAILABILITY = YES_AGGRESSIVE;
				CLANG_WARN_UNREACHABLE_CODE = YES;
				CLANG_WARN__DUPLICATE_METHOD_MATCH = YES;
				COPY_PHASE_STRIP = NO;
				DEBUG_INFORMATION_FORMAT = dwarf;
				ENABLE_STRICT_OBJC_MSGSEND = YES;
				ENABLE_TESTABILITY = YES;
				GCC_C_LANGUAGE_STANDARD = gnu11;
				GCC_DYNAMIC_NO_PIC = NO;
				GCC_NO_COMMON_BLOCKS = YES;
				GCC_OPTIMIZATION_LEVEL = 0;
				GCC_PREPROCESSOR_DEFINITIONS = (
					"DEBUG=1",
					"$(inherited)",
				);
				GCC_WARN_64_TO_32_BIT_CONVERSION = YES;
				GCC_WARN_ABOUT_RETURN_TYPE = YES_ERROR;
				GCC_WARN_UNDECLARED_SELECTOR = YES;
				GCC_WARN_UNINITIALIZED_AUTOS = YES_AGGRESSIVE;
				GCC_WARN_UNUSED_FUNCTION = YES;
				GCC_WARN_UNUSED_VARIABLE = YES;
				IPHONEOS_DEPLOYMENT_TARGET = 14.5;
				MTL_ENABLE_DEBUG_INFO = INCLUDE_SOURCE;
				MTL_FAST_MATH = YES;
				ONLY_ACTIVE_ARCH = YES;
				SDKROOT = iphoneos;
			};
			name = Debug;
		};
		DB0351B127B2575800E0D731 /* Release */ = {
			isa = XCBuildConfiguration;
			buildSettings = {
				ALWAYS_SEARCH_USER_PATHS = NO;
				CLANG_ANALYZER_NONNULL = YES;
				CLANG_ANALYZER_NUMBER_OBJECT_CONVERSION = YES_AGGRESSIVE;
				CLANG_CXX_LANGUAGE_STANDARD = "gnu++14";
				CLANG_CXX_LIBRARY = "libc++";
				CLANG_ENABLE_MODULES = YES;
				CLANG_ENABLE_OBJC_ARC = YES;
				CLANG_ENABLE_OBJC_WEAK = YES;
				CLANG_WARN_BLOCK_CAPTURE_AUTORELEASING = YES;
				CLANG_WARN_BOOL_CONVERSION = YES;
				CLANG_WARN_COMMA = YES;
				CLANG_WARN_CONSTANT_CONVERSION = YES;
				CLANG_WARN_DEPRECATED_OBJC_IMPLEMENTATIONS = YES;
				CLANG_WARN_DIRECT_OBJC_ISA_USAGE = YES_ERROR;
				CLANG_WARN_DOCUMENTATION_COMMENTS = YES;
				CLANG_WARN_EMPTY_BODY = YES;
				CLANG_WARN_ENUM_CONVERSION = YES;
				CLANG_WARN_INFINITE_RECURSION = YES;
				CLANG_WARN_INT_CONVERSION = YES;
				CLANG_WARN_NON_LITERAL_NULL_CONVERSION = YES;
				CLANG_WARN_OBJC_IMPLICIT_RETAIN_SELF = YES;
				CLANG_WARN_OBJC_LITERAL_CONVERSION = YES;
				CLANG_WARN_OBJC_ROOT_CLASS = YES_ERROR;
				CLANG_WARN_QUOTED_INCLUDE_IN_FRAMEWORK_HEADER = YES;
				CLANG_WARN_RANGE_LOOP_ANALYSIS = YES;
				CLANG_WARN_STRICT_PROTOTYPES = YES;
				CLANG_WARN_SUSPICIOUS_MOVE = YES;
				CLANG_WARN_UNGUARDED_AVAILABILITY = YES_AGGRESSIVE;
				CLANG_WARN_UNREACHABLE_CODE = YES;
				CLANG_WARN__DUPLICATE_METHOD_MATCH = YES;
				COPY_PHASE_STRIP = NO;
				DEBUG_INFORMATION_FORMAT = "dwarf-with-dsym";
				ENABLE_NS_ASSERTIONS = NO;
				ENABLE_STRICT_OBJC_MSGSEND = YES;
				GCC_C_LANGUAGE_STANDARD = gnu11;
				GCC_NO_COMMON_BLOCKS = YES;
				GCC_WARN_64_TO_32_BIT_CONVERSION = YES;
				GCC_WARN_ABOUT_RETURN_TYPE = YES_ERROR;
				GCC_WARN_UNDECLARED_SELECTOR = YES;
				GCC_WARN_UNINITIALIZED_AUTOS = YES_AGGRESSIVE;
				GCC_WARN_UNUSED_FUNCTION = YES;
				GCC_WARN_UNUSED_VARIABLE = YES;
				IPHONEOS_DEPLOYMENT_TARGET = 14.5;
				MTL_ENABLE_DEBUG_INFO = NO;
				MTL_FAST_MATH = YES;
				SDKROOT = iphoneos;
				VALIDATE_PRODUCT = YES;
			};
			name = Release;
		};
		DB0351B327B2575800E0D731 /* Debug */ = {
			isa = XCBuildConfiguration;
			baseConfigurationReference = 3E2E98D8C58F242A7727DEF7 /* Pods-WanAndroid.debug.xcconfig */;
			buildSettings = {
				ASSETCATALOG_COMPILER_APPICON_NAME = AppIcon;
				ASSETCATALOG_COMPILER_GLOBAL_ACCENT_COLOR_NAME = AccentColor;
				CODE_SIGN_STYLE = Automatic;
				INFOPLIST_FILE = WanAndroid/Info.plist;
				LD_RUNPATH_SEARCH_PATHS = (
					"$(inherited)",
					"@executable_path/Frameworks",
				);
				PRODUCT_BUNDLE_IDENTIFIER = com.roger.WanAndroid;
				PRODUCT_NAME = "$(TARGET_NAME)";
				TARGETED_DEVICE_FAMILY = "1,2";
			};
			name = Debug;
		};
		DB0351B427B2575800E0D731 /* Release */ = {
			isa = XCBuildConfiguration;
			baseConfigurationReference = B3A01BAD035F5FE2ECC7D9AE /* Pods-WanAndroid.release.xcconfig */;
			buildSettings = {
				ASSETCATALOG_COMPILER_APPICON_NAME = AppIcon;
				ASSETCATALOG_COMPILER_GLOBAL_ACCENT_COLOR_NAME = AccentColor;
				CODE_SIGN_STYLE = Automatic;
				INFOPLIST_FILE = WanAndroid/Info.plist;
				LD_RUNPATH_SEARCH_PATHS = (
					"$(inherited)",
					"@executable_path/Frameworks",
				);
				PRODUCT_BUNDLE_IDENTIFIER = com.roger.WanAndroid;
				PRODUCT_NAME = "$(TARGET_NAME)";
				TARGETED_DEVICE_FAMILY = "1,2";
			};
			name = Release;
		};
		DB0351B627B2575800E0D731 /* Debug */ = {
			isa = XCBuildConfiguration;
			buildSettings = {
				BUNDLE_LOADER = "$(TEST_HOST)";
				CODE_SIGN_STYLE = Automatic;
				INFOPLIST_FILE = WanAndroidTests/Info.plist;
				IPHONEOS_DEPLOYMENT_TARGET = 14.5;
				LD_RUNPATH_SEARCH_PATHS = (
					"$(inherited)",
					"@executable_path/Frameworks",
					"@loader_path/Frameworks",
				);
				PRODUCT_BUNDLE_IDENTIFIER = com.roger.WanAndroidTests;
				PRODUCT_NAME = "$(TARGET_NAME)";
				TARGETED_DEVICE_FAMILY = "1,2";
				TEST_HOST = "$(BUILT_PRODUCTS_DIR)/WanAndroid.app/WanAndroid";
			};
			name = Debug;
		};
		DB0351B727B2575800E0D731 /* Release */ = {
			isa = XCBuildConfiguration;
			buildSettings = {
				BUNDLE_LOADER = "$(TEST_HOST)";
				CODE_SIGN_STYLE = Automatic;
				INFOPLIST_FILE = WanAndroidTests/Info.plist;
				IPHONEOS_DEPLOYMENT_TARGET = 14.5;
				LD_RUNPATH_SEARCH_PATHS = (
					"$(inherited)",
					"@executable_path/Frameworks",
					"@loader_path/Frameworks",
				);
				PRODUCT_BUNDLE_IDENTIFIER = com.roger.WanAndroidTests;
				PRODUCT_NAME = "$(TARGET_NAME)";
				TARGETED_DEVICE_FAMILY = "1,2";
				TEST_HOST = "$(BUILT_PRODUCTS_DIR)/WanAndroid.app/WanAndroid";
			};
			name = Release;
		};
		DB0351B927B2575800E0D731 /* Debug */ = {
			isa = XCBuildConfiguration;
			buildSettings = {
				CODE_SIGN_STYLE = Automatic;
				INFOPLIST_FILE = WanAndroidUITests/Info.plist;
				LD_RUNPATH_SEARCH_PATHS = (
					"$(inherited)",
					"@executable_path/Frameworks",
					"@loader_path/Frameworks",
				);
				PRODUCT_BUNDLE_IDENTIFIER = com.roger.WanAndroidUITests;
				PRODUCT_NAME = "$(TARGET_NAME)";
				TARGETED_DEVICE_FAMILY = "1,2";
				TEST_TARGET_NAME = WanAndroid;
			};
			name = Debug;
		};
		DB0351BA27B2575800E0D731 /* Release */ = {
			isa = XCBuildConfiguration;
			buildSettings = {
				CODE_SIGN_STYLE = Automatic;
				INFOPLIST_FILE = WanAndroidUITests/Info.plist;
				LD_RUNPATH_SEARCH_PATHS = (
					"$(inherited)",
					"@executable_path/Frameworks",
					"@loader_path/Frameworks",
				);
				PRODUCT_BUNDLE_IDENTIFIER = com.roger.WanAndroidUITests;
				PRODUCT_NAME = "$(TARGET_NAME)";
				TARGETED_DEVICE_FAMILY = "1,2";
				TEST_TARGET_NAME = WanAndroid;
			};
			name = Release;
		};
/* End XCBuildConfiguration section */

/* Begin XCConfigurationList section */
		DB03517E27B2575700E0D731 /* Build configuration list for PBXProject "WanAndroid" */ = {
			isa = XCConfigurationList;
			buildConfigurations = (
				DB0351B027B2575800E0D731 /* Debug */,
				DB0351B127B2575800E0D731 /* Release */,
			);
			defaultConfigurationIsVisible = 0;
			defaultConfigurationName = Release;
		};
		DB0351B227B2575800E0D731 /* Build configuration list for PBXNativeTarget "WanAndroid" */ = {
			isa = XCConfigurationList;
			buildConfigurations = (
				DB0351B327B2575800E0D731 /* Debug */,
				DB0351B427B2575800E0D731 /* Release */,
			);
			defaultConfigurationIsVisible = 0;
			defaultConfigurationName = Release;
		};
		DB0351B527B2575800E0D731 /* Build configuration list for PBXNativeTarget "WanAndroidTests" */ = {
			isa = XCConfigurationList;
			buildConfigurations = (
				DB0351B627B2575800E0D731 /* Debug */,
				DB0351B727B2575800E0D731 /* Release */,
			);
			defaultConfigurationIsVisible = 0;
			defaultConfigurationName = Release;
		};
		DB0351B827B2575800E0D731 /* Build configuration list for PBXNativeTarget "WanAndroidUITests" */ = {
			isa = XCConfigurationList;
			buildConfigurations = (
				DB0351B927B2575800E0D731 /* Debug */,
				DB0351BA27B2575800E0D731 /* Release */,
			);
			defaultConfigurationIsVisible = 0;
			defaultConfigurationName = Release;
		};
/* End XCConfigurationList section */
	};
	rootObject = DB03517B27B2575700E0D731 /* Project object */;
}
